
Microsoft Visual Studio Solution File, Format Version 12.00
# Visual Studio Version 17
VisualStudioVersion = 17.2.32602.215
MinimumVisualStudioVersion = 10.0.40219.1
Project("{FAE04EC0-301F-11D3-BF4B-00C04F79EFBC}") = "RobinsonUniversity", "RobinsonUniversity\RobinsonUniversity.csproj", "{35CFD4D8-99D5-483B-946A-865637295174}"
EndProject
Global
	GlobalSection(SolutionConfigurationPlatforms) = preSolution
		Debug|Any CPU = Debug|Any CPU
		Release|Any CPU = Release|Any CPU
	EndGlobalSection
	GlobalSection(ProjectConfigurationPlatforms) = postSolution
		{35CFD4D8-99D5-483B-946A-865637295174}.Debug|Any CPU.ActiveCfg = Debug|Any CPU
		{35CFD4D8-99D5-483B-946A-865637295174}.Debug|Any CPU.Build.0 = Debug|Any CPU
		{35CFD4D8-99D5-483B-946A-865637295174}.Release|Any CPU.ActiveCfg = Release|Any CPU
		{35CFD4D8-99D5-483B-946A-865637295174}.Release|Any CPU.Build.0 = Release|Any CPU
	EndGlobalSection
	GlobalSection(SolutionProperties) = preSolution
		HideSolutionNode = FALSE
	EndGlobalSection
	GlobalSection(ExtensibilityGlobals) = postSolution
		SolutionGuid = {A25CA80A-4F80-4C98-AF37-9D47E9D79BF7}
	EndGlobalSection
EndGlobal
